
Microsoft Visual Studio Solution File, Format Version 12.00
# Visual Studio Version 17
VisualStudioVersion = 17.14.36915.13 d17.14
MinimumVisualStudioVersion = 10.0.40219.1
Project("{FAE04EC0-301F-11D3-BF4B-00C04F79EFBC}") = "DevBurguer", "DevBurguer.csproj", "{31AC3ECD-DE10-4921-923D-EA08776BB0CD}"
EndProject
Global
	GlobalSection(SolutionConfigurationPlatforms) = preSolution
		Debug|Any CPU = Debug|Any CPU
		Release|Any CPU = Release|Any CPU
	EndGlobalSection
	GlobalSection(ProjectConfigurationPlatforms) = postSolution
		{31AC3ECD-DE10-4921-923D-EA08776BB0CD}.Debug|Any CPU.ActiveCfg = Debug|Any CPU
		{31AC3ECD-DE10-4921-923D-EA08776BB0CD}.Debug|Any CPU.Build.0 = Debug|Any CPU
		{31AC3ECD-DE10-4921-923D-EA08776BB0CD}.Release|Any CPU.ActiveCfg = Release|Any CPU
		{31AC3ECD-DE10-4921-923D-EA08776BB0CD}.Release|Any CPU.Build.0 = Release|Any CPU
	EndGlobalSection
	GlobalSection(SolutionProperties) = preSolution
		HideSolutionNode = FALSE
	EndGlobalSection
	GlobalSection(ExtensibilityGlobals) = postSolution
		SolutionGuid = {CBEF0C64-EF04-4C41-A770-FCB3D40482DC}
	EndGlobalSection
EndGlobal
